// !$*UTF8*$!
{
	archiveVersion = 1;
	classes = {
	};
	objectVersion = 46;
	objects = {

/* Begin PBXBuildFile section */
		CF58D47E1C340F6E00B6D2C0 /* Ellis.h in Headers */ = {isa = PBXBuildFile; fileRef = CF58D47D1C340F6E00B6D2C0 /* Ellis.h */; settings = {ATTRIBUTES = (Public, ); }; };
		CF58D4851C340F6E00B6D2C0 /* Ellis.framework in Frameworks */ = {isa = PBXBuildFile; fileRef = CF58D47A1C340F6E00B6D2C0 /* Ellis.framework */; };
		CF58D4BB1C34108300B6D2C0 /* ChordBuilderTests.swift in Sources */ = {isa = PBXBuildFile; fileRef = CF58D4B61C34108300B6D2C0 /* ChordBuilderTests.swift */; };
		CF58D4BC1C34108300B6D2C0 /* ChordFunctionTests.swift in Sources */ = {isa = PBXBuildFile; fileRef = CF58D4B71C34108300B6D2C0 /* ChordFunctionTests.swift */; };
		CF58D4BD1C34108300B6D2C0 /* ChordTests.swift in Sources */ = {isa = PBXBuildFile; fileRef = CF58D4B81C34108300B6D2C0 /* ChordTests.swift */; };
		CF58D4BF1C34108300B6D2C0 /* KeyTests.swift in Sources */ = {isa = PBXBuildFile; fileRef = CF58D4BA1C34108300B6D2C0 /* KeyTests.swift */; };
		CF58D4C51C34108E00B6D2C0 /* IntervalTests.swift in Sources */ = {isa = PBXBuildFile; fileRef = CF58D4C01C34108E00B6D2C0 /* IntervalTests.swift */; };
		CF58D4C61C34108E00B6D2C0 /* NoteTests.swift in Sources */ = {isa = PBXBuildFile; fileRef = CF58D4C11C34108E00B6D2C0 /* NoteTests.swift */; };
		CF58D4C71C34108E00B6D2C0 /* SeventhsKeyHarmonizerTests.swift in Sources */ = {isa = PBXBuildFile; fileRef = CF58D4C21C34108E00B6D2C0 /* SeventhsKeyHarmonizerTests.swift */; };
		CF58D4C91C34108E00B6D2C0 /* TriadsKeyHarmonizerTests.swift in Sources */ = {isa = PBXBuildFile; fileRef = CF58D4C41C34108E00B6D2C0 /* TriadsKeyHarmonizerTests.swift */; };
		CF8F5B661C34908500087CE1 /* Chord.swift in Sources */ = {isa = PBXBuildFile; fileRef = CF8F5B5E1C34908500087CE1 /* Chord.swift */; };
		CF8F5B671C34908500087CE1 /* ChordBuilder.swift in Sources */ = {isa = PBXBuildFile; fileRef = CF8F5B5F1C34908500087CE1 /* ChordBuilder.swift */; };
		CF8F5B681C34908500087CE1 /* ChordFunction.swift in Sources */ = {isa = PBXBuildFile; fileRef = CF8F5B601C34908500087CE1 /* ChordFunction.swift */; };
		CF8F5B691C34908500087CE1 /* ChordInverter.swift in Sources */ = {isa = PBXBuildFile; fileRef = CF8F5B611C34908500087CE1 /* ChordInverter.swift */; };
		CF8F5B6A1C34908500087CE1 /* ChordShapeFactory.swift in Sources */ = {isa = PBXBuildFile; fileRef = CF8F5B621C34908500087CE1 /* ChordShapeFactory.swift */; };
		CF8F5B6B1C34908500087CE1 /* Drop2Inverter.swift in Sources */ = {isa = PBXBuildFile; fileRef = CF8F5B631C34908500087CE1 /* Drop2Inverter.swift */; };
		CF8F5B6C1C34908500087CE1 /* Drop3Inverter.swift in Sources */ = {isa = PBXBuildFile; fileRef = CF8F5B641C34908500087CE1 /* Drop3Inverter.swift */; };
		CF8F5B6D1C34908500087CE1 /* Inversions.swift in Sources */ = {isa = PBXBuildFile; fileRef = CF8F5B651C34908500087CE1 /* Inversions.swift */; };
		CF8F5B6F1C34911100087CE1 /* NoteFunction.swift in Sources */ = {isa = PBXBuildFile; fileRef = CF8F5B6E1C34911100087CE1 /* NoteFunction.swift */; };
		CF8F5B711C34914A00087CE1 /* NoteWithFunction.swift in Sources */ = {isa = PBXBuildFile; fileRef = CF8F5B701C34914A00087CE1 /* NoteWithFunction.swift */; };
		CF8F5B7D1C34920B00087CE1 /* Key.swift in Sources */ = {isa = PBXBuildFile; fileRef = CF8F5B731C34920B00087CE1 /* Key.swift */; };
		CF8F5B7E1C34920B00087CE1 /* KeyHarmonizer.swift in Sources */ = {isa = PBXBuildFile; fileRef = CF8F5B741C34920B00087CE1 /* KeyHarmonizer.swift */; };
		CF8F5B7F1C34920B00087CE1 /* KeyQuality.swift in Sources */ = {isa = PBXBuildFile; fileRef = CF8F5B751C34920B00087CE1 /* KeyQuality.swift */; };
		CF8F5B801C34920B00087CE1 /* SeventhsKeyHarmonizer.swift in Sources */ = {isa = PBXBuildFile; fileRef = CF8F5B761C34920B00087CE1 /* SeventhsKeyHarmonizer.swift */; };
		CF8F5B811C34920B00087CE1 /* TriadsKeyHarmonizer.swift in Sources */ = {isa = PBXBuildFile; fileRef = CF8F5B771C34920B00087CE1 /* TriadsKeyHarmonizer.swift */; };
		CF8F5B821C34920B00087CE1 /* Accident.swift in Sources */ = {isa = PBXBuildFile; fileRef = CF8F5B791C34920B00087CE1 /* Accident.swift */; };
		CF8F5B831C34920B00087CE1 /* Interval.swift in Sources */ = {isa = PBXBuildFile; fileRef = CF8F5B7A1C34920B00087CE1 /* Interval.swift */; };
		CF8F5B841C34920B00087CE1 /* Note.swift in Sources */ = {isa = PBXBuildFile; fileRef = CF8F5B7B1C34920B00087CE1 /* Note.swift */; };
		CF8F5B851C34920B00087CE1 /* Octave.swift in Sources */ = {isa = PBXBuildFile; fileRef = CF8F5B7C1C34920B00087CE1 /* Octave.swift */; };
		CF8F5B871C34938900087CE1 /* KeyHrmonizerFactory.swift in Sources */ = {isa = PBXBuildFile; fileRef = CF8F5B861C34938900087CE1 /* KeyHrmonizerFactory.swift */; };
/* End PBXBuildFile section */

/* Begin PBXContainerItemProxy section */
		CF58D4861C340F6E00B6D2C0 /* PBXContainerItemProxy */ = {
			isa = PBXContainerItemProxy;
			containerPortal = CF58D4711C340F6E00B6D2C0 /* Project object */;
			proxyType = 1;
			remoteGlobalIDString = CF58D4791C340F6E00B6D2C0;
			remoteInfo = Ellis;
		};
/* End PBXContainerItemProxy section */

/* Begin PBXFileReference section */
		CF58D47A1C340F6E00B6D2C0 /* Ellis.framework */ = {isa = PBXFileReference; explicitFileType = wrapper.framework; includeInIndex = 0; path = Ellis.framework; sourceTree = BUILT_PRODUCTS_DIR; };
		CF58D47D1C340F6E00B6D2C0 /* Ellis.h */ = {isa = PBXFileReference; lastKnownFileType = sourcecode.c.h; path = Ellis.h; sourceTree = "<group>"; };
		CF58D47F1C340F6E00B6D2C0 /* Info.plist */ = {isa = PBXFileReference; lastKnownFileType = text.plist.xml; path = Info.plist; sourceTree = "<group>"; };
		CF58D4841C340F6E00B6D2C0 /* EllisTests.xctest */ = {isa = PBXFileReference; explicitFileType = wrapper.cfbundle; includeInIndex = 0; path = EllisTests.xctest; sourceTree = BUILT_PRODUCTS_DIR; };
		CF58D48B1C340F6E00B6D2C0 /* Info.plist */ = {isa = PBXFileReference; lastKnownFileType = text.plist.xml; path = Info.plist; sourceTree = "<group>"; };
		CF58D4B61C34108300B6D2C0 /* ChordBuilderTests.swift */ = {isa = PBXFileReference; fileEncoding = 4; lastKnownFileType = sourcecode.swift; path = ChordBuilderTests.swift; sourceTree = "<group>"; };
		CF58D4B71C34108300B6D2C0 /* ChordFunctionTests.swift */ = {isa = PBXFileReference; fileEncoding = 4; lastKnownFileType = sourcecode.swift; path = ChordFunctionTests.swift; sourceTree = "<group>"; };
		CF58D4B81C34108300B6D2C0 /* ChordTests.swift */ = {isa = PBXFileReference; fileEncoding = 4; lastKnownFileType = sourcecode.swift; path = ChordTests.swift; sourceTree = "<group>"; };
		CF58D4BA1C34108300B6D2C0 /* KeyTests.swift */ = {isa = PBXFileReference; fileEncoding = 4; lastKnownFileType = sourcecode.swift; path = KeyTests.swift; sourceTree = "<group>"; };
		CF58D4C01C34108E00B6D2C0 /* IntervalTests.swift */ = {isa = PBXFileReference; fileEncoding = 4; lastKnownFileType = sourcecode.swift; path = IntervalTests.swift; sourceTree = "<group>"; };
		CF58D4C11C34108E00B6D2C0 /* NoteTests.swift */ = {isa = PBXFileReference; fileEncoding = 4; lastKnownFileType = sourcecode.swift; path = NoteTests.swift; sourceTree = "<group>"; };
		CF58D4C21C34108E00B6D2C0 /* SeventhsKeyHarmonizerTests.swift */ = {isa = PBXFileReference; fileEncoding = 4; lastKnownFileType = sourcecode.swift; path = SeventhsKeyHarmonizerTests.swift; sourceTree = "<group>"; };
		CF58D4C41C34108E00B6D2C0 /* TriadsKeyHarmonizerTests.swift */ = {isa = PBXFileReference; fileEncoding = 4; lastKnownFileType = sourcecode.swift; path = TriadsKeyHarmonizerTests.swift; sourceTree = "<group>"; };
		CF8F5B5E1C34908500087CE1 /* Chord.swift */ = {isa = PBXFileReference; fileEncoding = 4; lastKnownFileType = sourcecode.swift; path = Chord.swift; sourceTree = "<group>"; };
		CF8F5B5F1C34908500087CE1 /* ChordBuilder.swift */ = {isa = PBXFileReference; fileEncoding = 4; lastKnownFileType = sourcecode.swift; path = ChordBuilder.swift; sourceTree = "<group>"; };
		CF8F5B601C34908500087CE1 /* ChordFunction.swift */ = {isa = PBXFileReference; fileEncoding = 4; lastKnownFileType = sourcecode.swift; path = ChordFunction.swift; sourceTree = "<group>"; };
		CF8F5B611C34908500087CE1 /* ChordInverter.swift */ = {isa = PBXFileReference; fileEncoding = 4; lastKnownFileType = sourcecode.swift; path = ChordInverter.swift; sourceTree = "<group>"; };
		CF8F5B621C34908500087CE1 /* ChordShapeFactory.swift */ = {isa = PBXFileReference; fileEncoding = 4; lastKnownFileType = sourcecode.swift; path = ChordShapeFactory.swift; sourceTree = "<group>"; };
		CF8F5B631C34908500087CE1 /* Drop2Inverter.swift */ = {isa = PBXFileReference; fileEncoding = 4; lastKnownFileType = sourcecode.swift; path = Drop2Inverter.swift; sourceTree = "<group>"; };
		CF8F5B641C34908500087CE1 /* Drop3Inverter.swift */ = {isa = PBXFileReference; fileEncoding = 4; lastKnownFileType = sourcecode.swift; path = Drop3Inverter.swift; sourceTree = "<group>"; };
		CF8F5B651C34908500087CE1 /* Inversions.swift */ = {isa = PBXFileReference; fileEncoding = 4; lastKnownFileType = sourcecode.swift; path = Inversions.swift; sourceTree = "<group>"; };
		CF8F5B6E1C34911100087CE1 /* NoteFunction.swift */ = {isa = PBXFileReference; fileEncoding = 4; lastKnownFileType = sourcecode.swift; path = NoteFunction.swift; sourceTree = "<group>"; };
		CF8F5B701C34914A00087CE1 /* NoteWithFunction.swift */ = {isa = PBXFileReference; fileEncoding = 4; lastKnownFileType = sourcecode.swift; path = NoteWithFunction.swift; sourceTree = "<group>"; };
		CF8F5B731C34920B00087CE1 /* Key.swift */ = {isa = PBXFileReference; fileEncoding = 4; lastKnownFileType = sourcecode.swift; path = Key.swift; sourceTree = "<group>"; };
		CF8F5B741C34920B00087CE1 /* KeyHarmonizer.swift */ = {isa = PBXFileReference; fileEncoding = 4; lastKnownFileType = sourcecode.swift; path = KeyHarmonizer.swift; sourceTree = "<group>"; };
		CF8F5B751C34920B00087CE1 /* KeyQuality.swift */ = {isa = PBXFileReference; fileEncoding = 4; lastKnownFileType = sourcecode.swift; path = KeyQuality.swift; sourceTree = "<group>"; };
		CF8F5B761C34920B00087CE1 /* SeventhsKeyHarmonizer.swift */ = {isa = PBXFileReference; fileEncoding = 4; lastKnownFileType = sourcecode.swift; path = SeventhsKeyHarmonizer.swift; sourceTree = "<group>"; };
		CF8F5B771C34920B00087CE1 /* TriadsKeyHarmonizer.swift */ = {isa = PBXFileReference; fileEncoding = 4; lastKnownFileType = sourcecode.swift; path = TriadsKeyHarmonizer.swift; sourceTree = "<group>"; };
		CF8F5B791C34920B00087CE1 /* Accident.swift */ = {isa = PBXFileReference; fileEncoding = 4; lastKnownFileType = sourcecode.swift; path = Accident.swift; sourceTree = "<group>"; };
		CF8F5B7A1C34920B00087CE1 /* Interval.swift */ = {isa = PBXFileReference; fileEncoding = 4; lastKnownFileType = sourcecode.swift; path = Interval.swift; sourceTree = "<group>"; };
		CF8F5B7B1C34920B00087CE1 /* Note.swift */ = {isa = PBXFileReference; fileEncoding = 4; lastKnownFileType = sourcecode.swift; path = Note.swift; sourceTree = "<group>"; };
		CF8F5B7C1C34920B00087CE1 /* Octave.swift */ = {isa = PBXFileReference; fileEncoding = 4; lastKnownFileType = sourcecode.swift; path = Octave.swift; sourceTree = "<group>"; };
		CF8F5B861C34938900087CE1 /* KeyHrmonizerFactory.swift */ = {isa = PBXFileReference; fileEncoding = 4; lastKnownFileType = sourcecode.swift; path = KeyHrmonizerFactory.swift; sourceTree = "<group>"; };
/* End PBXFileReference section */

/* Begin PBXFrameworksBuildPhase section */
		CF58D4761C340F6E00B6D2C0 /* Frameworks */ = {
			isa = PBXFrameworksBuildPhase;
			buildActionMask = 2147483647;
			files = (
			);
			runOnlyForDeploymentPostprocessing = 0;
		};
		CF58D4811C340F6E00B6D2C0 /* Frameworks */ = {
			isa = PBXFrameworksBuildPhase;
			buildActionMask = 2147483647;
			files = (
				CF58D4851C340F6E00B6D2C0 /* Ellis.framework in Frameworks */,
			);
			runOnlyForDeploymentPostprocessing = 0;
		};
/* End PBXFrameworksBuildPhase section */

/* Begin PBXGroup section */
		CF58D4701C340F6E00B6D2C0 = {
			isa = PBXGroup;
			children = (
				CF58D47C1C340F6E00B6D2C0 /* Ellis */,
				CF58D4881C340F6E00B6D2C0 /* EllisTests */,
				CF58D47B1C340F6E00B6D2C0 /* Products */,
			);
			sourceTree = "<group>";
		};
		CF58D47B1C340F6E00B6D2C0 /* Products */ = {
			isa = PBXGroup;
			children = (
				CF58D47A1C340F6E00B6D2C0 /* Ellis.framework */,
				CF58D4841C340F6E00B6D2C0 /* EllisTests.xctest */,
			);
			name = Products;
			sourceTree = "<group>";
		};
		CF58D47C1C340F6E00B6D2C0 /* Ellis */ = {
			isa = PBXGroup;
			children = (
				CF8F5B721C34920B00087CE1 /* Keys */,
				CF8F5B781C34920B00087CE1 /* Notes */,
				CF8F5B5D1C34908500087CE1 /* Chords */,
				CF58D47D1C340F6E00B6D2C0 /* Ellis.h */,
				CF58D47F1C340F6E00B6D2C0 /* Info.plist */,
			);
			path = Ellis;
			sourceTree = "<group>";
		};
		CF58D4881C340F6E00B6D2C0 /* EllisTests */ = {
			isa = PBXGroup;
			children = (
				CF58D4C01C34108E00B6D2C0 /* IntervalTests.swift */,
				CF58D4C11C34108E00B6D2C0 /* NoteTests.swift */,
				CF58D4C21C34108E00B6D2C0 /* SeventhsKeyHarmonizerTests.swift */,
				CF58D4C41C34108E00B6D2C0 /* TriadsKeyHarmonizerTests.swift */,
				CF58D4B61C34108300B6D2C0 /* ChordBuilderTests.swift */,
				CF58D4B71C34108300B6D2C0 /* ChordFunctionTests.swift */,
				CF58D4B81C34108300B6D2C0 /* ChordTests.swift */,
				CF58D4BA1C34108300B6D2C0 /* KeyTests.swift */,
				CF58D48B1C340F6E00B6D2C0 /* Info.plist */,
			);
			path = EllisTests;
			sourceTree = "<group>";
		};
		CF8F5B5D1C34908500087CE1 /* Chords */ = {
			isa = PBXGroup;
			children = (
				CF8F5B701C34914A00087CE1 /* NoteWithFunction.swift */,
				CF8F5B6E1C34911100087CE1 /* NoteFunction.swift */,
				CF8F5B5E1C34908500087CE1 /* Chord.swift */,
				CF8F5B5F1C34908500087CE1 /* ChordBuilder.swift */,
				CF8F5B601C34908500087CE1 /* ChordFunction.swift */,
				CF8F5B611C34908500087CE1 /* ChordInverter.swift */,
				CF8F5B621C34908500087CE1 /* ChordShapeFactory.swift */,
				CF8F5B631C34908500087CE1 /* Drop2Inverter.swift */,
				CF8F5B641C34908500087CE1 /* Drop3Inverter.swift */,
				CF8F5B651C34908500087CE1 /* Inversions.swift */,
			);
			path = Chords;
			sourceTree = "<group>";
		};
		CF8F5B721C34920B00087CE1 /* Keys */ = {
			isa = PBXGroup;
			children = (
				CF8F5B731C34920B00087CE1 /* Key.swift */,
				CF8F5B741C34920B00087CE1 /* KeyHarmonizer.swift */,
				CF8F5B751C34920B00087CE1 /* KeyQuality.swift */,
				CF8F5B761C34920B00087CE1 /* SeventhsKeyHarmonizer.swift */,
				CF8F5B771C34920B00087CE1 /* TriadsKeyHarmonizer.swift */,
				CF8F5B861C34938900087CE1 /* KeyHrmonizerFactory.swift */,
			);
			path = Keys;
			sourceTree = "<group>";
		};
		CF8F5B781C34920B00087CE1 /* Notes */ = {
			isa = PBXGroup;
			children = (
				CF8F5B791C34920B00087CE1 /* Accident.swift */,
				CF8F5B7A1C34920B00087CE1 /* Interval.swift */,
				CF8F5B7B1C34920B00087CE1 /* Note.swift */,
				CF8F5B7C1C34920B00087CE1 /* Octave.swift */,
			);
			path = Notes;
			sourceTree = "<group>";
		};
/* End PBXGroup section */

/* Begin PBXHeadersBuildPhase section */
		CF58D4771C340F6E00B6D2C0 /* Headers */ = {
			isa = PBXHeadersBuildPhase;
			buildActionMask = 2147483647;
			files = (
				CF58D47E1C340F6E00B6D2C0 /* Ellis.h in Headers */,
			);
			runOnlyForDeploymentPostprocessing = 0;
		};
/* End PBXHeadersBuildPhase section */

/* Begin PBXNativeTarget section */
		CF58D4791C340F6E00B6D2C0 /* Ellis */ = {
			isa = PBXNativeTarget;
			buildConfigurationList = CF58D48E1C340F6E00B6D2C0 /* Build configuration list for PBXNativeTarget "Ellis" */;
			buildPhases = (
				CF58D4751C340F6E00B6D2C0 /* Sources */,
				CF58D4761C340F6E00B6D2C0 /* Frameworks */,
				CF58D4771C340F6E00B6D2C0 /* Headers */,
				CF58D4781C340F6E00B6D2C0 /* Resources */,
			);
			buildRules = (
			);
			dependencies = (
			);
			name = Ellis;
			productName = Ellis;
			productReference = CF58D47A1C340F6E00B6D2C0 /* Ellis.framework */;
			productType = "com.apple.product-type.framework";
		};
		CF58D4831C340F6E00B6D2C0 /* EllisTests */ = {
			isa = PBXNativeTarget;
			buildConfigurationList = CF58D4911C340F6E00B6D2C0 /* Build configuration list for PBXNativeTarget "EllisTests" */;
			buildPhases = (
				CF58D4801C340F6E00B6D2C0 /* Sources */,
				CF58D4811C340F6E00B6D2C0 /* Frameworks */,
				CF58D4821C340F6E00B6D2C0 /* Resources */,
			);
			buildRules = (
			);
			dependencies = (
				CF58D4871C340F6E00B6D2C0 /* PBXTargetDependency */,
			);
			name = EllisTests;
			productName = EllisTests;
			productReference = CF58D4841C340F6E00B6D2C0 /* EllisTests.xctest */;
			productType = "com.apple.product-type.bundle.unit-test";
		};
/* End PBXNativeTarget section */

/* Begin PBXProject section */
		CF58D4711C340F6E00B6D2C0 /* Project object */ = {
			isa = PBXProject;
			attributes = {
				LastSwiftUpdateCheck = 0700;
				LastUpgradeCheck = 0800;
				ORGANIZATIONNAME = BytesTeam;
				TargetAttributes = {
					CF58D4791C340F6E00B6D2C0 = {
						CreatedOnToolsVersion = 7.0;
						LastSwiftMigration = 0800;
					};
					CF58D4831C340F6E00B6D2C0 = {
						CreatedOnToolsVersion = 7.0;
						LastSwiftMigration = 0800;
					};
				};
			};
			buildConfigurationList = CF58D4741C340F6E00B6D2C0 /* Build configuration list for PBXProject "Ellis" */;
			compatibilityVersion = "Xcode 3.2";
			developmentRegion = English;
			hasScannedForEncodings = 0;
			knownRegions = (
				en,
			);
			mainGroup = CF58D4701C340F6E00B6D2C0;
			productRefGroup = CF58D47B1C340F6E00B6D2C0 /* Products */;
			projectDirPath = "";
			projectRoot = "";
			targets = (
				CF58D4791C340F6E00B6D2C0 /* Ellis */,
				CF58D4831C340F6E00B6D2C0 /* EllisTests */,
			);
		};
/* End PBXProject section */

/* Begin PBXResourcesBuildPhase section */
		CF58D4781C340F6E00B6D2C0 /* Resources */ = {
			isa = PBXResourcesBuildPhase;
			buildActionMask = 2147483647;
			files = (
			);
			runOnlyForDeploymentPostprocessing = 0;
		};
		CF58D4821C340F6E00B6D2C0 /* Resources */ = {
			isa = PBXResourcesBuildPhase;
			buildActionMask = 2147483647;
			files = (
			);
			runOnlyForDeploymentPostprocessing = 0;
		};
/* End PBXResourcesBuildPhase section */

/* Begin PBXSourcesBuildPhase section */
		CF58D4751C340F6E00B6D2C0 /* Sources */ = {
			isa = PBXSourcesBuildPhase;
			buildActionMask = 2147483647;
			files = (
				CF8F5B711C34914A00087CE1 /* NoteWithFunction.swift in Sources */,
				CF8F5B691C34908500087CE1 /* ChordInverter.swift in Sources */,
				CF8F5B7D1C34920B00087CE1 /* Key.swift in Sources */,
				CF8F5B871C34938900087CE1 /* KeyHrmonizerFactory.swift in Sources */,
				CF8F5B671C34908500087CE1 /* ChordBuilder.swift in Sources */,
				CF8F5B821C34920B00087CE1 /* Accident.swift in Sources */,
				CF8F5B841C34920B00087CE1 /* Note.swift in Sources */,
				CF8F5B811C34920B00087CE1 /* TriadsKeyHarmonizer.swift in Sources */,
				CF8F5B661C34908500087CE1 /* Chord.swift in Sources */,
				CF8F5B6A1C34908500087CE1 /* ChordShapeFactory.swift in Sources */,
				CF8F5B851C34920B00087CE1 /* Octave.swift in Sources */,
				CF8F5B831C34920B00087CE1 /* Interval.swift in Sources */,
				CF8F5B7E1C34920B00087CE1 /* KeyHarmonizer.swift in Sources */,
				CF8F5B6F1C34911100087CE1 /* NoteFunction.swift in Sources */,
				CF8F5B801C34920B00087CE1 /* SeventhsKeyHarmonizer.swift in Sources */,
				CF8F5B7F1C34920B00087CE1 /* KeyQuality.swift in Sources */,
				CF8F5B6B1C34908500087CE1 /* Drop2Inverter.swift in Sources */,
				CF8F5B681C34908500087CE1 /* ChordFunction.swift in Sources */,
				CF8F5B6C1C34908500087CE1 /* Drop3Inverter.swift in Sources */,
				CF8F5B6D1C34908500087CE1 /* Inversions.swift in Sources */,
			);
			runOnlyForDeploymentPostprocessing = 0;
		};
		CF58D4801C340F6E00B6D2C0 /* Sources */ = {
			isa = PBXSourcesBuildPhase;
			buildActionMask = 2147483647;
			files = (
				CF58D4BF1C34108300B6D2C0 /* KeyTests.swift in Sources */,
				CF58D4C51C34108E00B6D2C0 /* IntervalTests.swift in Sources */,
				CF58D4BC1C34108300B6D2C0 /* ChordFunctionTests.swift in Sources */,
				CF58D4C71C34108E00B6D2C0 /* SeventhsKeyHarmonizerTests.swift in Sources */,
				CF58D4BB1C34108300B6D2C0 /* ChordBuilderTests.swift in Sources */,
				CF58D4C61C34108E00B6D2C0 /* NoteTests.swift in Sources */,
				CF58D4C91C34108E00B6D2C0 /* TriadsKeyHarmonizerTests.swift in Sources */,
				CF58D4BD1C34108300B6D2C0 /* ChordTests.swift in Sources */,
			);
			runOnlyForDeploymentPostprocessing = 0;
		};
/* End PBXSourcesBuildPhase section */

/* Begin PBXTargetDependency section */
		CF58D4871C340F6E00B6D2C0 /* PBXTargetDependency */ = {
			isa = PBXTargetDependency;
			target = CF58D4791C340F6E00B6D2C0 /* Ellis */;
			targetProxy = CF58D4861C340F6E00B6D2C0 /* PBXContainerItemProxy */;
		};
/* End PBXTargetDependency section */

/* Begin XCBuildConfiguration section */
		CF58D48C1C340F6E00B6D2C0 /* Debug */ = {
			isa = XCBuildConfiguration;
			buildSettings = {
				ALWAYS_SEARCH_USER_PATHS = NO;
				CLANG_CXX_LANGUAGE_STANDARD = "gnu++0x";
				CLANG_CXX_LIBRARY = "libc++";
				CLANG_ENABLE_MODULES = YES;
				CLANG_ENABLE_OBJC_ARC = YES;
				CLANG_WARN_BOOL_CONVERSION = YES;
				CLANG_WARN_CONSTANT_CONVERSION = YES;
				CLANG_WARN_DIRECT_OBJC_ISA_USAGE = YES_ERROR;
				CLANG_WARN_EMPTY_BODY = YES;
				CLANG_WARN_ENUM_CONVERSION = YES;
				CLANG_WARN_INT_CONVERSION = YES;
				CLANG_WARN_OBJC_ROOT_CLASS = YES_ERROR;
				CLANG_WARN_UNREACHABLE_CODE = YES;
				CLANG_WARN__DUPLICATE_METHOD_MATCH = YES;
				"CODE_SIGN_IDENTITY[sdk=iphoneos*]" = "iPhone Developer";
				COPY_PHASE_STRIP = NO;
				CURRENT_PROJECT_VERSION = 1;
				DEBUG_INFORMATION_FORMAT = dwarf;
				ENABLE_STRICT_OBJC_MSGSEND = YES;
				ENABLE_TESTABILITY = YES;
				GCC_C_LANGUAGE_STANDARD = gnu99;
				GCC_DYNAMIC_NO_PIC = NO;
				GCC_NO_COMMON_BLOCKS = YES;
				GCC_OPTIMIZATION_LEVEL = 0;
				GCC_PREPROCESSOR_DEFINITIONS = (
					"DEBUG=1",
					"$(inherited)",
				);
				GCC_WARN_64_TO_32_BIT_CONVERSION = YES;
				GCC_WARN_ABOUT_RETURN_TYPE = YES_ERROR;
				GCC_WARN_UNDECLARED_SELECTOR = YES;
				GCC_WARN_UNINITIALIZED_AUTOS = YES_AGGRESSIVE;
				GCC_WARN_UNUSED_FUNCTION = YES;
				GCC_WARN_UNUSED_VARIABLE = YES;
				IPHONEOS_DEPLOYMENT_TARGET = 9.0;
				MTL_ENABLE_DEBUG_INFO = YES;
				ONLY_ACTIVE_ARCH = YES;
				SDKROOT = iphoneos;
				SWIFT_OPTIMIZATION_LEVEL = "-Onone";
				TARGETED_DEVICE_FAMILY = "1,2";
				VERSIONING_SYSTEM = "apple-generic";
				VERSION_INFO_PREFIX = "";
			};
			name = Debug;
		};
		CF58D48D1C340F6E00B6D2C0 /* Release */ = {
			isa = XCBuildConfiguration;
			buildSettings = {
				ALWAYS_SEARCH_USER_PATHS = NO;
				CLANG_CXX_LANGUAGE_STANDARD = "gnu++0x";
				CLANG_CXX_LIBRARY = "libc++";
				CLANG_ENABLE_MODULES = YES;
				CLANG_ENABLE_OBJC_ARC = YES;
				CLANG_WARN_BOOL_CONVERSION = YES;
				CLANG_WARN_CONSTANT_CONVERSION = YES;
				CLANG_WARN_DIRECT_OBJC_ISA_USAGE = YES_ERROR;
				CLANG_WARN_EMPTY_BODY = YES;
				CLANG_WARN_ENUM_CONVERSION = YES;
				CLANG_WARN_INT_CONVERSION = YES;
				CLANG_WARN_OBJC_ROOT_CLASS = YES_ERROR;
				CLANG_WARN_UNREACHABLE_CODE = YES;
				CLANG_WARN__DUPLICATE_METHOD_MATCH = YES;
				"CODE_SIGN_IDENTITY[sdk=iphoneos*]" = "iPhone Developer";
				COPY_PHASE_STRIP = NO;
				CURRENT_PROJECT_VERSION = 1;
				DEBUG_INFORMATION_FORMAT = "dwarf-with-dsym";
				ENABLE_NS_ASSERTIONS = NO;
				ENABLE_STRICT_OBJC_MSGSEND = YES;
				GCC_C_LANGUAGE_STANDARD = gnu99;
				GCC_NO_COMMON_BLOCKS = YES;
				GCC_WARN_64_TO_32_BIT_CONVERSION = YES;
				GCC_WARN_ABOUT_RETURN_TYPE = YES_ERROR;
				GCC_WARN_UNDECLARED_SELECTOR = YES;
				GCC_WARN_UNINITIALIZED_AUTOS = YES_AGGRESSIVE;
				GCC_WARN_UNUSED_FUNCTION = YES;
				GCC_WARN_UNUSED_VARIABLE = YES;
				IPHONEOS_DEPLOYMENT_TARGET = 9.0;
				MTL_ENABLE_DEBUG_INFO = NO;
				SDKROOT = iphoneos;
				TARGETED_DEVICE_FAMILY = "1,2";
				VALIDATE_PRODUCT = YES;
				VERSIONING_SYSTEM = "apple-generic";
				VERSION_INFO_PREFIX = "";
			};
			name = Release;
		};
		CF58D48F1C340F6E00B6D2C0 /* Debug */ = {
			isa = XCBuildConfiguration;
			buildSettings = {
				CLANG_ENABLE_MODULES = YES;
				DEFINES_MODULE = YES;
				DYLIB_COMPATIBILITY_VERSION = 1;
				DYLIB_CURRENT_VERSION = 1;
				DYLIB_INSTALL_NAME_BASE = "@rpath";
				INFOPLIST_FILE = Ellis/Info.plist;
				INSTALL_PATH = "$(LOCAL_LIBRARY_DIR)/Frameworks";
				IPHONEOS_DEPLOYMENT_TARGET = 8.0;
				LD_RUNPATH_SEARCH_PATHS = "$(inherited) @executable_path/Frameworks @loader_path/Frameworks";
				PRODUCT_BUNDLE_IDENTIFIER = com.pedromsantos.Ellis;
				PRODUCT_NAME = "$(TARGET_NAME)";
				SKIP_INSTALL = YES;
				SWIFT_OPTIMIZATION_LEVEL = "-Onone";
				SWIFT_VERSION = 3.0;
			};
			name = Debug;
		};
		CF58D4901C340F6E00B6D2C0 /* Release */ = {
			isa = XCBuildConfiguration;
			buildSettings = {
				CLANG_ENABLE_MODULES = YES;
				DEFINES_MODULE = YES;
				DYLIB_COMPATIBILITY_VERSION = 1;
				DYLIB_CURRENT_VERSION = 1;
				DYLIB_INSTALL_NAME_BASE = "@rpath";
				INFOPLIST_FILE = Ellis/Info.plist;
				INSTALL_PATH = "$(LOCAL_LIBRARY_DIR)/Frameworks";
				IPHONEOS_DEPLOYMENT_TARGET = 8.0;
				LD_RUNPATH_SEARCH_PATHS = "$(inherited) @executable_path/Frameworks @loader_path/Frameworks";
				PRODUCT_BUNDLE_IDENTIFIER = com.pedromsantos.Ellis;
				PRODUCT_NAME = "$(TARGET_NAME)";
				SKIP_INSTALL = YES;
				SWIFT_OPTIMIZATION_LEVEL = "-Owholemodule";
				SWIFT_VERSION = 3.0;
			};
			name = Release;
		};
		CF58D4921C340F6E00B6D2C0 /* Debug */ = {
			isa = XCBuildConfiguration;
			buildSettings = {
				CLANG_ENABLE_MODULES = YES;
				INFOPLIST_FILE = EllisTests/Info.plist;
				LD_RUNPATH_SEARCH_PATHS = "$(inherited) @executable_path/Frameworks @loader_path/Frameworks";
				PRODUCT_BUNDLE_IDENTIFIER = com.bytesteam.EllisTests;
				PRODUCT_NAME = "$(TARGET_NAME)";
				SWIFT_OPTIMIZATION_LEVEL = "-Onone";
				SWIFT_VERSION = 3.0;
			};
			name = Debug;
		};
		CF58D4931C340F6E00B6D2C0 /* Release */ = {
			isa = XCBuildConfiguration;
			buildSettings = {
				CLANG_ENABLE_MODULES = YES;
				INFOPLIST_FILE = EllisTests/Info.plist;
				LD_RUNPATH_SEARCH_PATHS = "$(inherited) @executable_path/Frameworks @loader_path/Frameworks";
				PRODUCT_BUNDLE_IDENTIFIER = com.bytesteam.EllisTests;
				PRODUCT_NAME = "$(TARGET_NAME)";
				SWIFT_OPTIMIZATION_LEVEL = "-Owholemodule";
				SWIFT_VERSION = 3.0;
			};
			name = Release;
		};
/* End XCBuildConfiguration section */

/* Begin XCConfigurationList section */
		CF58D4741C340F6E00B6D2C0 /* Build configuration list for PBXProject "Ellis" */ = {
			isa = XCConfigurationList;
			buildConfigurations = (
				CF58D48C1C340F6E00B6D2C0 /* Debug */,
				CF58D48D1C340F6E00B6D2C0 /* Release */,
			);
			defaultConfigurationIsVisible = 0;
			defaultConfigurationName = Release;
		};
		CF58D48E1C340F6E00B6D2C0 /* Build configuration list for PBXNativeTarget "Ellis" */ = {
			isa = XCConfigurationList;
			buildConfigurations = (
				CF58D48F1C340F6E00B6D2C0 /* Debug */,
				CF58D4901C340F6E00B6D2C0 /* Release */,
			);
			defaultConfigurationIsVisible = 0;
			defaultConfigurationName = Release;
		};
		CF58D4911C340F6E00B6D2C0 /* Build configuration list for PBXNativeTarget "EllisTests" */ = {
			isa = XCConfigurationList;
			buildConfigurations = (
				CF58D4921C340F6E00B6D2C0 /* Debug */,
				CF58D4931C340F6E00B6D2C0 /* Release */,
			);
			defaultConfigurationIsVisible = 0;
			defaultConfigurationName = Release;
		};
/* End XCConfigurationList section */
	};
	rootObject = CF58D4711C340F6E00B6D2C0 /* Project object */;
}
